
Microsoft Visual Studio Solution File, Format Version 12.00
# Visual Studio 15
VisualStudioVersion = 15.0.28307.645
MinimumVisualStudioVersion = 10.0.40219.1
Project("{9A19103F-16F7-4668-BE54-9A1E7A4F7556}") = "DedicatedHostsManagerTests", "DedicatedHostsTests\DedicatedHostsManagerTests.csproj", "{FBCF3F2F-3178-439A-BE41-FE1A91B537F8}"
EndProject
Project("{9A19103F-16F7-4668-BE54-9A1E7A4F7556}") = "DedicatedHostsManager", "DedicatedHostsManager\DedicatedHostsManager.csproj", "{A74E6422-0174-4DBF-86C6-F1DF653D822C}"
EndProject
Project("{9A19103F-16F7-4668-BE54-9A1E7A4F7556}") = "DedicatedHostsManagerConsoleClient", "DedicatedHostManagerClients\DedicatedHostsManagerConsoleClient\DedicatedHostsManagerConsoleClient.csproj", "{2442EFDB-5BBD-40D2-9808-C1473FD2358E}"
EndProject
Project("{9A19103F-16F7-4668-BE54-9A1E7A4F7556}") = "DedicatedHostsManagerFunctionClient", "DedicatedHostManagerClients\DedicatedHostsManagerFunctionClient\DedicatedHostsManagerFunctionClient.csproj", "{B0385D03-DB92-4D68-A17F-C76EC33D84FC}"
EndProject
Project("{9A19103F-16F7-4668-BE54-9A1E7A4F7556}") = "DedicatedHostClientHelpers", "DedicatedHostManagerClients\DedicatedHostClientHelpers\DedicatedHostClientHelpers.csproj", "{40A0A2EA-9EFD-4DDB-B145-76CF217EBD08}"
EndProject
Global
	GlobalSection(SolutionConfigurationPlatforms) = preSolution
		Debug|Any CPU = Debug|Any CPU
		Release|Any CPU = Release|Any CPU
	EndGlobalSection
	GlobalSection(ProjectConfigurationPlatforms) = postSolution
		{FBCF3F2F-3178-439A-BE41-FE1A91B537F8}.Debug|Any CPU.ActiveCfg = Debug|Any CPU
		{FBCF3F2F-3178-439A-BE41-FE1A91B537F8}.Debug|Any CPU.Build.0 = Debug|Any CPU
		{FBCF3F2F-3178-439A-BE41-FE1A91B537F8}.Release|Any CPU.ActiveCfg = Release|Any CPU
		{FBCF3F2F-3178-439A-BE41-FE1A91B537F8}.Release|Any CPU.Build.0 = Release|Any CPU
		{A74E6422-0174-4DBF-86C6-F1DF653D822C}.Debug|Any CPU.ActiveCfg = Debug|Any CPU
		{A74E6422-0174-4DBF-86C6-F1DF653D822C}.Debug|Any CPU.Build.0 = Debug|Any CPU
		{A74E6422-0174-4DBF-86C6-F1DF653D822C}.Release|Any CPU.ActiveCfg = Release|Any CPU
		{A74E6422-0174-4DBF-86C6-F1DF653D822C}.Release|Any CPU.Build.0 = Release|Any CPU
		{2442EFDB-5BBD-40D2-9808-C1473FD2358E}.Debug|Any CPU.ActiveCfg = Debug|Any CPU
		{2442EFDB-5BBD-40D2-9808-C1473FD2358E}.Debug|Any CPU.Build.0 = Debug|Any CPU
		{2442EFDB-5BBD-40D2-9808-C1473FD2358E}.Release|Any CPU.ActiveCfg = Release|Any CPU
		{2442EFDB-5BBD-40D2-9808-C1473FD2358E}.Release|Any CPU.Build.0 = Release|Any CPU
		{B0385D03-DB92-4D68-A17F-C76EC33D84FC}.Debug|Any CPU.ActiveCfg = Debug|Any CPU
		{B0385D03-DB92-4D68-A17F-C76EC33D84FC}.Debug|Any CPU.Build.0 = Debug|Any CPU
		{B0385D03-DB92-4D68-A17F-C76EC33D84FC}.Release|Any CPU.ActiveCfg = Release|Any CPU
		{B0385D03-DB92-4D68-A17F-C76EC33D84FC}.Release|Any CPU.Build.0 = Release|Any CPU
		{40A0A2EA-9EFD-4DDB-B145-76CF217EBD08}.Debug|Any CPU.ActiveCfg = Debug|Any CPU
		{40A0A2EA-9EFD-4DDB-B145-76CF217EBD08}.Debug|Any CPU.Build.0 = Debug|Any CPU
		{40A0A2EA-9EFD-4DDB-B145-76CF217EBD08}.Release|Any CPU.ActiveCfg = Release|Any CPU
		{40A0A2EA-9EFD-4DDB-B145-76CF217EBD08}.Release|Any CPU.Build.0 = Release|Any CPU
	EndGlobalSection
	GlobalSection(SolutionProperties) = preSolution
		HideSolutionNode = FALSE
	EndGlobalSection
	GlobalSection(ExtensibilityGlobals) = postSolution
		SolutionGuid = {3B203EF2-274B-42B6-BB15-E360D64EB7FF}
	EndGlobalSection
EndGlobal
